
Microsoft Visual Studio Solution File, Format Version 12.00
# Visual Studio Version 17
VisualStudioVersion = 17.12.35527.113 d17.12
MinimumVisualStudioVersion = 10.0.40219.1
Project("{FAE04EC0-301F-11D3-BF4B-00C04F79EFBC}") = "DochubSystem.API", "DochubSystem.API\DochubSystem.API.csproj", "{1073167C-8049-4812-844C-0B70DE05E85B}"
EndProject
Project("{FAE04EC0-301F-11D3-BF4B-00C04F79EFBC}") = "DochubSystem.Common", "DochubSystem.Common\DochubSystem.Common.csproj", "{3743F281-7C02-4406-953D-E1400FC4E175}"
EndProject
Project("{FAE04EC0-301F-11D3-BF4B-00C04F79EFBC}") = "DochubSystem.Data", "DochubSystem.Data\DochubSystem.Data.csproj", "{C16009A2-AE73-497D-92AF-B9EAF2ECD6A9}"
EndProject
Project("{FAE04EC0-301F-11D3-BF4B-00C04F79EFBC}") = "DochubSystem.Repository", "DochubSystem.Repository\DochubSystem.Repository.csproj", "{7ED108F7-9478-449C-A155-A134F926DF7E}"
EndProject
Project("{FAE04EC0-301F-11D3-BF4B-00C04F79EFBC}") = "DochubSystem.RepositoryContract", "DochubSystem.RepositoryContract\DochubSystem.RepositoryContract.csproj", "{ECFA4C5F-02B9-4947-8B6D-F84D83C08017}"
EndProject
Project("{FAE04EC0-301F-11D3-BF4B-00C04F79EFBC}") = "DochubSystem.Service", "DochubSystem.Service\DochubSystem.Service.csproj", "{D84CF036-54EF-40BE-91EB-74DDB1A1B272}"
EndProject
Project("{FAE04EC0-301F-11D3-BF4B-00C04F79EFBC}") = "DochubSystem.ServiceContract", "DochubSystem.ServiceContract\DochubSystem.ServiceContract.csproj", "{5DBA480E-DDB1-4A59-9B3B-1D9F2F1121E0}"
EndProject
Global
	GlobalSection(SolutionConfigurationPlatforms) = preSolution
		Debug|Any CPU = Debug|Any CPU
		Release|Any CPU = Release|Any CPU
	EndGlobalSection
	GlobalSection(ProjectConfigurationPlatforms) = postSolution
		{1073167C-8049-4812-844C-0B70DE05E85B}.Debug|Any CPU.ActiveCfg = Debug|Any CPU
		{1073167C-8049-4812-844C-0B70DE05E85B}.Debug|Any CPU.Build.0 = Debug|Any CPU
		{1073167C-8049-4812-844C-0B70DE05E85B}.Release|Any CPU.ActiveCfg = Release|Any CPU
		{1073167C-8049-4812-844C-0B70DE05E85B}.Release|Any CPU.Build.0 = Release|Any CPU
		{3743F281-7C02-4406-953D-E1400FC4E175}.Debug|Any CPU.ActiveCfg = Debug|Any CPU
		{3743F281-7C02-4406-953D-E1400FC4E175}.Debug|Any CPU.Build.0 = Debug|Any CPU
		{3743F281-7C02-4406-953D-E1400FC4E175}.Release|Any CPU.ActiveCfg = Release|Any CPU
		{3743F281-7C02-4406-953D-E1400FC4E175}.Release|Any CPU.Build.0 = Release|Any CPU
		{C16009A2-AE73-497D-92AF-B9EAF2ECD6A9}.Debug|Any CPU.ActiveCfg = Debug|Any CPU
		{C16009A2-AE73-497D-92AF-B9EAF2ECD6A9}.Debug|Any CPU.Build.0 = Debug|Any CPU
		{C16009A2-AE73-497D-92AF-B9EAF2ECD6A9}.Release|Any CPU.ActiveCfg = Release|Any CPU
		{C16009A2-AE73-497D-92AF-B9EAF2ECD6A9}.Release|Any CPU.Build.0 = Release|Any CPU
		{7ED108F7-9478-449C-A155-A134F926DF7E}.Debug|Any CPU.ActiveCfg = Debug|Any CPU
		{7ED108F7-9478-449C-A155-A134F926DF7E}.Debug|Any CPU.Build.0 = Debug|Any CPU
		{7ED108F7-9478-449C-A155-A134F926DF7E}.Release|Any CPU.ActiveCfg = Release|Any CPU
		{7ED108F7-9478-449C-A155-A134F926DF7E}.Release|Any CPU.Build.0 = Release|Any CPU
		{ECFA4C5F-02B9-4947-8B6D-F84D83C08017}.Debug|Any CPU.ActiveCfg = Debug|Any CPU
		{ECFA4C5F-02B9-4947-8B6D-F84D83C08017}.Debug|Any CPU.Build.0 = Debug|Any CPU
		{ECFA4C5F-02B9-4947-8B6D-F84D83C08017}.Release|Any CPU.ActiveCfg = Release|Any CPU
		{ECFA4C5F-02B9-4947-8B6D-F84D83C08017}.Release|Any CPU.Build.0 = Release|Any CPU
		{D84CF036-54EF-40BE-91EB-74DDB1A1B272}.Debug|Any CPU.ActiveCfg = Debug|Any CPU
		{D84CF036-54EF-40BE-91EB-74DDB1A1B272}.Debug|Any CPU.Build.0 = Debug|Any CPU
		{D84CF036-54EF-40BE-91EB-74DDB1A1B272}.Release|Any CPU.ActiveCfg = Release|Any CPU
		{D84CF036-54EF-40BE-91EB-74DDB1A1B272}.Release|Any CPU.Build.0 = Release|Any CPU
		{5DBA480E-DDB1-4A59-9B3B-1D9F2F1121E0}.Debug|Any CPU.ActiveCfg = Debug|Any CPU
		{5DBA480E-DDB1-4A59-9B3B-1D9F2F1121E0}.Debug|Any CPU.Build.0 = Debug|Any CPU
		{5DBA480E-DDB1-4A59-9B3B-1D9F2F1121E0}.Release|Any CPU.ActiveCfg = Release|Any CPU
		{5DBA480E-DDB1-4A59-9B3B-1D9F2F1121E0}.Release|Any CPU.Build.0 = Release|Any CPU
	EndGlobalSection
	GlobalSection(SolutionProperties) = preSolution
		HideSolutionNode = FALSE
	EndGlobalSection
EndGlobal
